
Microsoft Visual Studio Solution File, Format Version 12.00
# Visual Studio Version 16
VisualStudioVersion = 16.0.30406.217
MinimumVisualStudioVersion = 10.0.40219.1
Project("{FAE04EC0-301F-11D3-BF4B-00C04F79EFBC}") = "SelectionStatements2", "SelectionStatements2\SelectionStatements2.csproj", "{B3FFB6CD-5B35-42C9-A5E2-2A4EB3920C81}"
EndProject
Global
	GlobalSection(SolutionConfigurationPlatforms) = preSolution
		Debug|Any CPU = Debug|Any CPU
		Release|Any CPU = Release|Any CPU
	EndGlobalSection
	GlobalSection(ProjectConfigurationPlatforms) = postSolution
		{B3FFB6CD-5B35-42C9-A5E2-2A4EB3920C81}.Debug|Any CPU.ActiveCfg = Debug|Any CPU
		{B3FFB6CD-5B35-42C9-A5E2-2A4EB3920C81}.Debug|Any CPU.Build.0 = Debug|Any CPU
		{B3FFB6CD-5B35-42C9-A5E2-2A4EB3920C81}.Release|Any CPU.ActiveCfg = Release|Any CPU
		{B3FFB6CD-5B35-42C9-A5E2-2A4EB3920C81}.Release|Any CPU.Build.0 = Release|Any CPU
	EndGlobalSection
	GlobalSection(SolutionProperties) = preSolution
		HideSolutionNode = FALSE
	EndGlobalSection
	GlobalSection(ExtensibilityGlobals) = postSolution
		SolutionGuid = {E681E6FE-2048-4288-90E2-DD1A85F823BC}
	EndGlobalSection
EndGlobal
